
Microsoft Visual Studio Solution File, Format Version 12.00
# Visual Studio 15
VisualStudioVersion = 15.0.27004.2005
MinimumVisualStudioVersion = 10.0.40219.1
Project("{9092AA53-FB77-4645-B42D-1CCCA6BD08BD}") = "PriCoSha", "PriCoSha\PriCoSha.njsproj", "{126A9009-23C2-4D5E-9304-05B3838EF80E}"
EndProject
Global
	GlobalSection(SolutionConfigurationPlatforms) = preSolution
		Debug|Any CPU = Debug|Any CPU
		Release|Any CPU = Release|Any CPU
	EndGlobalSection
	GlobalSection(ProjectConfigurationPlatforms) = postSolution
		{126A9009-23C2-4D5E-9304-05B3838EF80E}.Debug|Any CPU.ActiveCfg = Debug|Any CPU
		{126A9009-23C2-4D5E-9304-05B3838EF80E}.Debug|Any CPU.Build.0 = Debug|Any CPU
		{126A9009-23C2-4D5E-9304-05B3838EF80E}.Release|Any CPU.ActiveCfg = Release|Any CPU
		{126A9009-23C2-4D5E-9304-05B3838EF80E}.Release|Any CPU.Build.0 = Release|Any CPU
	EndGlobalSection
	GlobalSection(SolutionProperties) = preSolution
		HideSolutionNode = FALSE
	EndGlobalSection
	GlobalSection(ExtensibilityGlobals) = postSolution
		SolutionGuid = {018D4DBD-21F2-4F54-87D9-AE78F09268F5}
	EndGlobalSection
EndGlobal
